{
  "name": "learning-gopher",
  "version": "1.0.0",
  "lockfileVersion": 1,
  "requires": true,
  "dependencies": {
    "gopher-server": {
      "version": "1.0.0",
      "resolved": "https://registry.npmjs.org/gopher-server/-/gopher-server-1.0.0.tgz",
      "integrity": "sha512-oxHLnv4TbiUyXQPkr05FNbYOEBZbzXW/8cfJh53MplXY+OjmqZThjIIelg7Abv82GwX6WQL6G0/0HlRx+H/KoQ=="
    }
  }
}
